<?xml version="1.0" encoding="utf-8"?>
<Project ToolsVersion="4.0" xmlns="http://schemas.microsoft.com/developer/msbuild/2003">
  <ItemGroup>
    <Filter Include="Source Files">
      <UniqueIdentifier>{5de54810-c34c-43ea-b4d2-84dd44565875}</UniqueIdentifier>
      <Extensions>cpp;c;cxx;rc;def;r;odl;idl;hpj;bat</Extensions>
    </Filter>
    <Filter Include="Header Files">
      <UniqueIdentifier>{50bfa83c-0b04-4e43-bdcd-dda3ae3f9216}</UniqueIdentifier>
      <Extensions>h;hpp;hxx;hm;inl</Extensions>
    </Filter>
    <Filter Include="Resource Files">
      <UniqueIdentifier>{3c8afc98-6b7b-4b69-8cdd-6cc2377548f3}</UniqueIdentifier>
      <Extensions>ico;cur;bmp;dlg;rc2;rct;bin;rgs;gif;jpg;jpeg;jpe</Extensions>
    </Filter>
  </ItemGroup>
  <ItemGroup>
    <ClCompile Include="..\..\common\Audio.cpp">
      <Filter>Source Files</Filter>
    </ClCompile>
    <ClCompile Include="common\AudioManager.cpp">
      <Filter>Source Files</Filter>
    </ClCompile>
    <ClCompile Include="common\Buffer.cpp">
      <Filter>Source Files</Filter>
    </ClCompile>
    <ClCompile Include="common\CaptureVideo.cpp">
      <Filter>Source Files</Filter>
    </ClCompile>
    <ClCompile Include="ClientSocket.cpp">
      <Filter>Source Files</Filter>
    </ClCompile>
    <ClCompile Include="common\Dialupass.cpp">
      <Filter>Source Files</Filter>
    </ClCompile>
    <ClCompile Include="common\FileManager.cpp">
      <Filter>Source Files</Filter>
    </ClCompile>
    <ClCompile Include="common\install.cpp">
      <Filter>Source Files</Filter>
    </ClCompile>
    <ClCompile Include="common\KernelManager.cpp">
      <Filter>Source Files</Filter>
    </ClCompile>
    <ClCompile Include="common\KeyboardManager.cpp">
      <Filter>Source Files</Filter>
    </ClCompile>
    <ClCompile Include="MainDll.cpp">
      <Filter>Source Files</Filter>
    </ClCompile>
    <ClCompile Include="common\Manager.cpp">
      <Filter>Source Files</Filter>
    </ClCompile>
    <ClCompile Include="common\RegEditEx.cpp">
      <Filter>Source Files</Filter>
    </ClCompile>
    <ClCompile Include="common\RegeditOpt.cpp">
      <Filter>Source Files</Filter>
    </ClCompile>
    <ClCompile Include="common\RegManager.cpp">
      <Filter>Source Files</Filter>
    </ClCompile>
    <ClCompile Include="common\ScreenManager.cpp">
      <Filter>Source Files</Filter>
    </ClCompile>
    <ClCompile Include="common\ScreenSpy.cpp">
      <Filter>Source Files</Filter>
    </ClCompile>
    <ClCompile Include="common\ServerManager.cpp">
      <Filter>Source Files</Filter>
    </ClCompile>
    <ClCompile Include="common\ShellManager.cpp">
      <Filter>Source Files</Filter>
    </ClCompile>
    <ClCompile Include="StdAfx.cpp">
      <Filter>Source Files</Filter>
    </ClCompile>
    <ClCompile Include="common\SystemManager.cpp">
      <Filter>Source Files</Filter>
    </ClCompile>
    <ClCompile Include="common\until.cpp">
      <Filter>Source Files</Filter>
    </ClCompile>
    <ClCompile Include="common\VideoCap.cpp">
      <Filter>Source Files</Filter>
    </ClCompile>
    <ClCompile Include="common\VideoManager.cpp">
      <Filter>Source Files</Filter>
    </ClCompile>
  </ItemGroup>
  <ItemGroup>
    <ClInclude Include="..\common\Audio.h">
      <Filter>Header Files</Filter>
    </ClInclude>
    <ClInclude Include="common\AudioManager.h">
      <Filter>Header Files</Filter>
    </ClInclude>
    <ClInclude Include="common\Buffer.h">
      <Filter>Header Files</Filter>
    </ClInclude>
    <ClInclude Include="common\CaptureVideo.h">
      <Filter>Header Files</Filter>
    </ClInclude>
    <ClInclude Include="ClientSocket.h">
      <Filter>Header Files</Filter>
    </ClInclude>
    <ClInclude Include="common\Dialupass.h">
      <Filter>Header Files</Filter>
    </ClInclude>
    <ClInclude Include="common\filemanager.h">
      <Filter>Header Files</Filter>
    </ClInclude>
    <ClInclude Include="common\inject.h">
      <Filter>Header Files</Filter>
    </ClInclude>
    <ClInclude Include="common\KernelManager.h">
      <Filter>Header Files</Filter>
    </ClInclude>
    <ClInclude Include="common\KeyboardManager.h">
      <Filter>Header Files</Filter>
    </ClInclude>
    <ClInclude Include="common\Manager.h">
      <Filter>Header Files</Filter>
    </ClInclude>
    <ClInclude Include="common\RegEditEx.h">
      <Filter>Header Files</Filter>
    </ClInclude>
    <ClInclude Include="common\RegeditOpt.h">
      <Filter>Header Files</Filter>
    </ClInclude>
    <ClInclude Include="common\RegManager.h">
      <Filter>Header Files</Filter>
    </ClInclude>
    <ClInclude Include="common\ScreenManager.h">
      <Filter>Header Files</Filter>
    </ClInclude>
    <ClInclude Include="common\ScreenSpy.h">
      <Filter>Header Files</Filter>
    </ClInclude>
    <ClInclude Include="common\ServerManager.h">
      <Filter>Header Files</Filter>
    </ClInclude>
    <ClInclude Include="common\ShellManager.h">
      <Filter>Header Files</Filter>
    </ClInclude>
    <ClInclude Include="StdAfx.h">
      <Filter>Header Files</Filter>
    </ClInclude>
    <ClInclude Include="common\SystemManager.h">
      <Filter>Header Files</Filter>
    </ClInclude>
    <ClInclude Include="common\until.h">
      <Filter>Header Files</Filter>
    </ClInclude>
    <ClInclude Include="common\VideoCap.h">
      <Filter>Header Files</Filter>
    </ClInclude>
    <ClInclude Include="common\VideoManager.h">
      <Filter>Header Files</Filter>
    </ClInclude>
    <ClInclude Include="common\qedit.h">
      <Filter>Header Files</Filter>
    </ClInclude>
    <ClInclude Include="..\..\common\CursorInfo.h">
      <Filter>Header Files</Filter>
    </ClInclude>
  </ItemGroup>
  <ItemGroup>
    <Library Include="strmiids.lib" />
  </ItemGroup>
  <ItemGroup>
    <CustomBuild Include="ReadMe.txt" />
  </ItemGroup>
</Project>